// !$*UTF8*$!
{
	archiveVersion = 1;
	classes = {
	};
	objectVersion = 56;
	objects = {

/* Begin PBXBuildFile section */
		5652AAA82BD1D87C00E55241 /* ParameterConfiguration.swift in Sources */ = {isa = PBXBuildFile; fileRef = 5652AAA72BD1D87C00E55241 /* ParameterConfiguration.swift */; };
		5652AAAA2BD1D88700E55241 /* ConfigurationView.swift in Sources */ = {isa = PBXBuildFile; fileRef = 5652AAA92BD1D88700E55241 /* ConfigurationView.swift */; };
		567EFD6C2BD080230055E7A6 /* GooglePlacesDemosApp.swift in Sources */ = {isa = PBXBuildFile; fileRef = 567EFD6B2BD080230055E7A6 /* GooglePlacesDemosApp.swift */; };
		567EFD6E2BD080230055E7A6 /* SampleList.swift in Sources */ = {isa = PBXBuildFile; fileRef = 567EFD6D2BD080230055E7A6 /* SampleList.swift */; };
		567EFD702BD080250055E7A6 /* Assets.xcassets in Resources */ = {isa = PBXBuildFile; fileRef = 567EFD6F2BD080250055E7A6 /* Assets.xcassets */; };
		567EFD732BD080250055E7A6 /* Preview Assets.xcassets in Resources */ = {isa = PBXBuildFile; fileRef = 567EFD722BD080250055E7A6 /* Preview Assets.xcassets */; };
		567EFD7D2BD080250055E7A6 /* SampleTests.swift in Sources */ = {isa = PBXBuildFile; fileRef = 567EFD7C2BD080250055E7A6 /* SampleTests.swift */; };
		567EFD872BD080250055E7A6 /* GooglePlacesDemosUITests.swift in Sources */ = {isa = PBXBuildFile; fileRef = 567EFD862BD080250055E7A6 /* GooglePlacesDemosUITests.swift */; };
		567EFD892BD080250055E7A6 /* GooglePlacesDemosUITestsLaunchTests.swift in Sources */ = {isa = PBXBuildFile; fileRef = 567EFD882BD080250055E7A6 /* GooglePlacesDemosUITestsLaunchTests.swift */; };
		567EFDAA2BD0812B0055E7A6 /* GooglePlacesDemos.xcconfig in Resources */ = {isa = PBXBuildFile; fileRef = 567EFDA92BD0812A0055E7A6 /* GooglePlacesDemos.xcconfig */; };
		567EFDAD2BD083A40055E7A6 /* SampleData.swift in Sources */ = {isa = PBXBuildFile; fileRef = 567EFDAC2BD083A40055E7A6 /* SampleData.swift */; };
		567EFDB02BD083B40055E7A6 /* ClientRequests.swift in Sources */ = {isa = PBXBuildFile; fileRef = 567EFDAE2BD083B40055E7A6 /* ClientRequests.swift */; };
		567EFDB42BD08F6D0055E7A6 /* MultiPicker.swift in Sources */ = {isa = PBXBuildFile; fileRef = 567EFDB32BD08F6D0055E7A6 /* MultiPicker.swift */; };
		56C0602C2BFD507000B96354 /* GooglePlacesSwift in Frameworks */ = {isa = PBXBuildFile; productRef = 56C0602B2BFD507000B96354 /* GooglePlacesSwift */; };
		56E420C82C33562D005BBBE7 /* ParameterConfigurationTests.swift in Sources */ = {isa = PBXBuildFile; fileRef = 56E420C72C33562D005BBBE7 /* ParameterConfigurationTests.swift */; };
/* End PBXBuildFile section */

/* Begin PBXContainerItemProxy section */
		567EFD792BD080250055E7A6 /* PBXContainerItemProxy */ = {
			isa = PBXContainerItemProxy;
			containerPortal = 567EFD602BD080230055E7A6 /* Project object */;
			proxyType = 1;
			remoteGlobalIDString = 567EFD672BD080230055E7A6;
			remoteInfo = GooglePlacesDemos;
		};
		567EFD832BD080250055E7A6 /* PBXContainerItemProxy */ = {
			isa = PBXContainerItemProxy;
			containerPortal = 567EFD602BD080230055E7A6 /* Project object */;
			proxyType = 1;
			remoteGlobalIDString = 567EFD672BD080230055E7A6;
			remoteInfo = GooglePlacesDemos;
		};
/* End PBXContainerItemProxy section */

/* Begin PBXFileReference section */
		562FC5042BD1DDEE00CD9057 /* GooglePlacesSwift.xcframework */ = {isa = PBXFileReference; lastKnownFileType = wrapper.xcframework; path = GooglePlacesSwift.xcframework; sourceTree = "<group>"; };
		562FC5082BD1DDF200CD9057 /* GooglePlaces.xcframework */ = {isa = PBXFileReference; lastKnownFileType = wrapper.xcframework; path = GooglePlaces.xcframework; sourceTree = "<group>"; };
		5652AAA72BD1D87C00E55241 /* ParameterConfiguration.swift */ = {isa = PBXFileReference; fileEncoding = 4; lastKnownFileType = sourcecode.swift; path = ParameterConfiguration.swift; sourceTree = "<group>"; };
		5652AAA92BD1D88700E55241 /* ConfigurationView.swift */ = {isa = PBXFileReference; fileEncoding = 4; lastKnownFileType = sourcecode.swift; path = ConfigurationView.swift; sourceTree = "<group>"; };
		567EFD682BD080230055E7A6 /* GooglePlacesDemos.app */ = {isa = PBXFileReference; explicitFileType = wrapper.application; includeInIndex = 0; path = GooglePlacesDemos.app; sourceTree = BUILT_PRODUCTS_DIR; };
		567EFD6B2BD080230055E7A6 /* GooglePlacesDemosApp.swift */ = {isa = PBXFileReference; lastKnownFileType = sourcecode.swift; path = GooglePlacesDemosApp.swift; sourceTree = "<group>"; };
		567EFD6D2BD080230055E7A6 /* SampleList.swift */ = {isa = PBXFileReference; lastKnownFileType = sourcecode.swift; path = SampleList.swift; sourceTree = "<group>"; };
		567EFD6F2BD080250055E7A6 /* Assets.xcassets */ = {isa = PBXFileReference; lastKnownFileType = folder.assetcatalog; path = Assets.xcassets; sourceTree = "<group>"; };
		567EFD722BD080250055E7A6 /* Preview Assets.xcassets */ = {isa = PBXFileReference; lastKnownFileType = folder.assetcatalog; path = "Preview Assets.xcassets"; sourceTree = "<group>"; };
		567EFD782BD080250055E7A6 /* GooglePlacesDemosTests.xctest */ = {isa = PBXFileReference; explicitFileType = wrapper.cfbundle; includeInIndex = 0; path = GooglePlacesDemosTests.xctest; sourceTree = BUILT_PRODUCTS_DIR; };
		567EFD7C2BD080250055E7A6 /* SampleTests.swift */ = {isa = PBXFileReference; lastKnownFileType = sourcecode.swift; path = SampleTests.swift; sourceTree = "<group>"; };
		567EFD822BD080250055E7A6 /* GooglePlacesDemosUITests.xctest */ = {isa = PBXFileReference; explicitFileType = wrapper.cfbundle; includeInIndex = 0; path = GooglePlacesDemosUITests.xctest; sourceTree = BUILT_PRODUCTS_DIR; };
		567EFD862BD080250055E7A6 /* GooglePlacesDemosUITests.swift */ = {isa = PBXFileReference; lastKnownFileType = sourcecode.swift; path = GooglePlacesDemosUITests.swift; sourceTree = "<group>"; };
		567EFD882BD080250055E7A6 /* GooglePlacesDemosUITestsLaunchTests.swift */ = {isa = PBXFileReference; lastKnownFileType = sourcecode.swift; path = GooglePlacesDemosUITestsLaunchTests.swift; sourceTree = "<group>"; };
		567EFD962BD080B60055E7A6 /* CoreGraphics.framework */ = {isa = PBXFileReference; lastKnownFileType = wrapper.framework; name = CoreGraphics.framework; path = System/Library/Frameworks/CoreGraphics.framework; sourceTree = SDKROOT; };
		567EFD982BD080BD0055E7A6 /* CoreLocation.framework */ = {isa = PBXFileReference; lastKnownFileType = wrapper.framework; name = CoreLocation.framework; path = System/Library/Frameworks/CoreLocation.framework; sourceTree = SDKROOT; };
		567EFD9A2BD080C70055E7A6 /* libc++.tbd */ = {isa = PBXFileReference; lastKnownFileType = "sourcecode.text-based-dylib-definition"; name = "libc++.tbd"; path = "usr/lib/libc++.tbd"; sourceTree = SDKROOT; };
		567EFD9C2BD080D90055E7A6 /* libz.tbd */ = {isa = PBXFileReference; lastKnownFileType = "sourcecode.text-based-dylib-definition"; name = libz.tbd; path = usr/lib/libz.tbd; sourceTree = SDKROOT; };
		567EFD9D2BD080DF0055E7A6 /* QuartzCore.framework */ = {isa = PBXFileReference; lastKnownFileType = wrapper.framework; name = QuartzCore.framework; path = System/Library/Frameworks/QuartzCore.framework; sourceTree = SDKROOT; };
		567EFDA92BD0812A0055E7A6 /* GooglePlacesDemos.xcconfig */ = {isa = PBXFileReference; fileEncoding = 4; lastKnownFileType = text.xcconfig; path = GooglePlacesDemos.xcconfig; sourceTree = "<group>"; };
		567EFDAB2BD081850055E7A6 /* Info.plist */ = {isa = PBXFileReference; lastKnownFileType = text.plist.xml; path = Info.plist; sourceTree = "<group>"; };
		567EFDAC2BD083A40055E7A6 /* SampleData.swift */ = {isa = PBXFileReference; fileEncoding = 4; lastKnownFileType = sourcecode.swift; path = SampleData.swift; sourceTree = "<group>"; };
		567EFDAE2BD083B40055E7A6 /* ClientRequests.swift */ = {isa = PBXFileReference; fileEncoding = 4; lastKnownFileType = sourcecode.swift; path = ClientRequests.swift; sourceTree = "<group>"; };
		567EFDB32BD08F6D0055E7A6 /* MultiPicker.swift */ = {isa = PBXFileReference; fileEncoding = 4; lastKnownFileType = sourcecode.swift; path = MultiPicker.swift; sourceTree = "<group>"; };
		56E420C72C33562D005BBBE7 /* ParameterConfigurationTests.swift */ = {isa = PBXFileReference; lastKnownFileType = sourcecode.swift; path = ParameterConfigurationTests.swift; sourceTree = "<group>"; };
/* End PBXFileReference section */

/* Begin PBXFrameworksBuildPhase section */
		567EFD652BD080230055E7A6 /* Frameworks */ = {
			isa = PBXFrameworksBuildPhase;
			buildActionMask = 2147483647;
			files = (
				56C0602C2BFD507000B96354 /* GooglePlacesSwift in Frameworks */,
			);
			runOnlyForDeploymentPostprocessing = 0;
		};
		567EFD752BD080250055E7A6 /* Frameworks */ = {
			isa = PBXFrameworksBuildPhase;
			buildActionMask = 2147483647;
			files = (
			);
			runOnlyForDeploymentPostprocessing = 0;
		};
		567EFD7F2BD080250055E7A6 /* Frameworks */ = {
			isa = PBXFrameworksBuildPhase;
			buildActionMask = 2147483647;
			files = (
			);
			runOnlyForDeploymentPostprocessing = 0;
		};
/* End PBXFrameworksBuildPhase section */

/* Begin PBXGroup section */
		567EFD5F2BD080230055E7A6 = {
			isa = PBXGroup;
			children = (
				567EFD6A2BD080230055E7A6 /* GooglePlacesDemos */,
				567EFD7B2BD080250055E7A6 /* GooglePlacesDemosTests */,
				567EFD852BD080250055E7A6 /* GooglePlacesDemosUITests */,
				567EFD692BD080230055E7A6 /* Products */,
				567EFD952BD080B60055E7A6 /* Frameworks */,
			);
			sourceTree = "<group>";
		};
		567EFD692BD080230055E7A6 /* Products */ = {
			isa = PBXGroup;
			children = (
				567EFD682BD080230055E7A6 /* GooglePlacesDemos.app */,
				567EFD782BD080250055E7A6 /* GooglePlacesDemosTests.xctest */,
				567EFD822BD080250055E7A6 /* GooglePlacesDemosUITests.xctest */,
			);
			name = Products;
			sourceTree = "<group>";
		};
		567EFD6A2BD080230055E7A6 /* GooglePlacesDemos */ = {
			isa = PBXGroup;
			children = (
				567EFDAB2BD081850055E7A6 /* Info.plist */,
				567EFDA92BD0812A0055E7A6 /* GooglePlacesDemos.xcconfig */,
				567EFDB62BD0CB730055E7A6 /* Sources */,
				567EFDB52BD0CB6B0055E7A6 /* Resources */,
				567EFD712BD080250055E7A6 /* Preview Content */,
			);
			path = GooglePlacesDemos;
			sourceTree = "<group>";
		};
		567EFD712BD080250055E7A6 /* Preview Content */ = {
			isa = PBXGroup;
			children = (
				567EFD722BD080250055E7A6 /* Preview Assets.xcassets */,
			);
			path = "Preview Content";
			sourceTree = "<group>";
		};
		567EFD7B2BD080250055E7A6 /* GooglePlacesDemosTests */ = {
			isa = PBXGroup;
			children = (
				567EFD7C2BD080250055E7A6 /* SampleTests.swift */,
				56E420C72C33562D005BBBE7 /* ParameterConfigurationTests.swift */,
			);
			path = GooglePlacesDemosTests;
			sourceTree = "<group>";
		};
		567EFD852BD080250055E7A6 /* GooglePlacesDemosUITests */ = {
			isa = PBXGroup;
			children = (
				567EFD862BD080250055E7A6 /* GooglePlacesDemosUITests.swift */,
				567EFD882BD080250055E7A6 /* GooglePlacesDemosUITestsLaunchTests.swift */,
			);
			path = GooglePlacesDemosUITests;
			sourceTree = "<group>";
		};
		567EFD952BD080B60055E7A6 /* Frameworks */ = {
			isa = PBXGroup;
			children = (
				562FC5082BD1DDF200CD9057 /* GooglePlaces.xcframework */,
				562FC5042BD1DDEE00CD9057 /* GooglePlacesSwift.xcframework */,
				567EFD9D2BD080DF0055E7A6 /* QuartzCore.framework */,
				567EFD9C2BD080D90055E7A6 /* libz.tbd */,
				567EFD9A2BD080C70055E7A6 /* libc++.tbd */,
				567EFD982BD080BD0055E7A6 /* CoreLocation.framework */,
				567EFD962BD080B60055E7A6 /* CoreGraphics.framework */,
			);
			name = Frameworks;
			sourceTree = "<group>";
		};
		567EFDAF2BD083B40055E7A6 /* Samples */ = {
			isa = PBXGroup;
			children = (
				567EFDAE2BD083B40055E7A6 /* ClientRequests.swift */,
			);
			path = Samples;
			sourceTree = "<group>";
		};
		567EFDB52BD0CB6B0055E7A6 /* Resources */ = {
			isa = PBXGroup;
			children = (
				567EFD6F2BD080250055E7A6 /* Assets.xcassets */,
			);
			path = Resources;
			sourceTree = "<group>";
		};
		567EFDB62BD0CB730055E7A6 /* Sources */ = {
			isa = PBXGroup;
			children = (
				567EFD6B2BD080230055E7A6 /* GooglePlacesDemosApp.swift */,
				567EFDB32BD08F6D0055E7A6 /* MultiPicker.swift */,
				567EFD6D2BD080230055E7A6 /* SampleList.swift */,
				567EFDAC2BD083A40055E7A6 /* SampleData.swift */,
				5652AAA92BD1D88700E55241 /* ConfigurationView.swift */,
				5652AAA72BD1D87C00E55241 /* ParameterConfiguration.swift */,
				567EFDAF2BD083B40055E7A6 /* Samples */,
			);
			path = Sources;
			sourceTree = "<group>";
		};
/* End PBXGroup section */

/* Begin PBXNativeTarget section */
		567EFD672BD080230055E7A6 /* GooglePlacesDemos */ = {
			isa = PBXNativeTarget;
			buildConfigurationList = 567EFD8C2BD080250055E7A6 /* Build configuration list for PBXNativeTarget "GooglePlacesDemos" */;
			buildPhases = (
				567EFD642BD080230055E7A6 /* Sources */,
				567EFD652BD080230055E7A6 /* Frameworks */,
				567EFD662BD080230055E7A6 /* Resources */,
			);
			buildRules = (
			);
			dependencies = (
			);
			name = GooglePlacesDemos;
			packageProductDependencies = (
				56C0602B2BFD507000B96354 /* GooglePlacesSwift */,
			);
			productName = GooglePlacesDemos;
			productReference = 567EFD682BD080230055E7A6 /* GooglePlacesDemos.app */;
			productType = "com.apple.product-type.application";
		};
		567EFD772BD080250055E7A6 /* GooglePlacesDemosTests */ = {
			isa = PBXNativeTarget;
			buildConfigurationList = 567EFD8F2BD080250055E7A6 /* Build configuration list for PBXNativeTarget "GooglePlacesDemosTests" */;
			buildPhases = (
				567EFD742BD080250055E7A6 /* Sources */,
				567EFD752BD080250055E7A6 /* Frameworks */,
				567EFD762BD080250055E7A6 /* Resources */,
			);
			buildRules = (
			);
			dependencies = (
				567EFD7A2BD080250055E7A6 /* PBXTargetDependency */,
			);
			name = GooglePlacesDemosTests;
			productName = GooglePlacesDemosTests;
			productReference = 567EFD782BD080250055E7A6 /* GooglePlacesDemosTests.xctest */;
			productType = "com.apple.product-type.bundle.unit-test";
		};
		567EFD812BD080250055E7A6 /* GooglePlacesDemosUITests */ = {
			isa = PBXNativeTarget;
			buildConfigurationList = 567EFD922BD080250055E7A6 /* Build configuration list for PBXNativeTarget "GooglePlacesDemosUITests" */;
			buildPhases = (
				567EFD7E2BD080250055E7A6 /* Sources */,
				567EFD7F2BD080250055E7A6 /* Frameworks */,
				567EFD802BD080250055E7A6 /* Resources */,
			);
			buildRules = (
			);
			dependencies = (
				567EFD842BD080250055E7A6 /* PBXTargetDependency */,
			);
			name = GooglePlacesDemosUITests;
			productName = GooglePlacesDemosUITests;
			productReference = 567EFD822BD080250055E7A6 /* GooglePlacesDemosUITests.xctest */;
			productType = "com.apple.product-type.bundle.ui-testing";
		};
/* End PBXNativeTarget section */

/* Begin PBXProject section */
		567EFD602BD080230055E7A6 /* Project object */ = {
			isa = PBXProject;
			attributes = {
				BuildIndependentTargetsInParallel = 1;
				LastSwiftUpdateCheck = 1530;
				LastUpgradeCheck = 1530;
				TargetAttributes = {
					567EFD672BD080230055E7A6 = {
						CreatedOnToolsVersion = 15.3;
					};
					567EFD772BD080250055E7A6 = {
						CreatedOnToolsVersion = 15.3;
						TestTargetID = 567EFD672BD080230055E7A6;
					};
					567EFD812BD080250055E7A6 = {
						CreatedOnToolsVersion = 15.3;
						TestTargetID = 567EFD672BD080230055E7A6;
					};
				};
			};
			buildConfigurationList = 567EFD632BD080230055E7A6 /* Build configuration list for PBXProject "GooglePlacesDemos" */;
			compatibilityVersion = "Xcode 14.0";
			developmentRegion = en;
			hasScannedForEncodings = 0;
			knownRegions = (
				en,
				Base,
			);
			mainGroup = 567EFD5F2BD080230055E7A6;
			packageReferences = (
				56C060292BFD504200B96354 /* XCRemoteSwiftPackageReference "ios-places-sdk" */,
				56C0602A2BFD504E00B96354 /* XCRemoteSwiftPackageReference "ios-places-swift-sdk" */,
			);
			productRefGroup = 567EFD692BD080230055E7A6 /* Products */;
			projectDirPath = "";
			projectRoot = "";
			targets = (
				567EFD672BD080230055E7A6 /* GooglePlacesDemos */,
				567EFD772BD080250055E7A6 /* GooglePlacesDemosTests */,
				567EFD812BD080250055E7A6 /* GooglePlacesDemosUITests */,
			);
		};
/* End PBXProject section */

/* Begin PBXResourcesBuildPhase section */
		567EFD662BD080230055E7A6 /* Resources */ = {
			isa = PBXResourcesBuildPhase;
			buildActionMask = 2147483647;
			files = (
				567EFD732BD080250055E7A6 /* Preview Assets.xcassets in Resources */,
				567EFDAA2BD0812B0055E7A6 /* GooglePlacesDemos.xcconfig in Resources */,
				567EFD702BD080250055E7A6 /* Assets.xcassets in Resources */,
			);
			runOnlyForDeploymentPostprocessing = 0;
		};
		567EFD762BD080250055E7A6 /* Resources */ = {
			isa = PBXResourcesBuildPhase;
			buildActionMask = 2147483647;
			files = (
			);
			runOnlyForDeploymentPostprocessing = 0;
		};
		567EFD802BD080250055E7A6 /* Resources */ = {
			isa = PBXResourcesBuildPhase;
			buildActionMask = 2147483647;
			files = (
			);
			runOnlyForDeploymentPostprocessing = 0;
		};
/* End PBXResourcesBuildPhase section */

/* Begin PBXSourcesBuildPhase section */
		567EFD642BD080230055E7A6 /* Sources */ = {
			isa = PBXSourcesBuildPhase;
			buildActionMask = 2147483647;
			files = (
				567EFD6E2BD080230055E7A6 /* SampleList.swift in Sources */,
				567EFDAD2BD083A40055E7A6 /* SampleData.swift in Sources */,
				567EFDB02BD083B40055E7A6 /* ClientRequests.swift in Sources */,
				567EFD6C2BD080230055E7A6 /* GooglePlacesDemosApp.swift in Sources */,
				5652AAAA2BD1D88700E55241 /* ConfigurationView.swift in Sources */,
				5652AAA82BD1D87C00E55241 /* ParameterConfiguration.swift in Sources */,
				567EFDB42BD08F6D0055E7A6 /* MultiPicker.swift in Sources */,
			);
			runOnlyForDeploymentPostprocessing = 0;
		};
		567EFD742BD080250055E7A6 /* Sources */ = {
			isa = PBXSourcesBuildPhase;
			buildActionMask = 2147483647;
			files = (
				56E420C82C33562D005BBBE7 /* ParameterConfigurationTests.swift in Sources */,
				567EFD7D2BD080250055E7A6 /* SampleTests.swift in Sources */,
			);
			runOnlyForDeploymentPostprocessing = 0;
		};
		567EFD7E2BD080250055E7A6 /* Sources */ = {
			isa = PBXSourcesBuildPhase;
			buildActionMask = 2147483647;
			files = (
				567EFD892BD080250055E7A6 /* GooglePlacesDemosUITestsLaunchTests.swift in Sources */,
				567EFD872BD080250055E7A6 /* GooglePlacesDemosUITests.swift in Sources */,
			);
			runOnlyForDeploymentPostprocessing = 0;
		};
/* End PBXSourcesBuildPhase section */

/* Begin PBXTargetDependency section */
		567EFD7A2BD080250055E7A6 /* PBXTargetDependency */ = {
			isa = PBXTargetDependency;
			target = 567EFD672BD080230055E7A6 /* GooglePlacesDemos */;
			targetProxy = 567EFD792BD080250055E7A6 /* PBXContainerItemProxy */;
		};
		567EFD842BD080250055E7A6 /* PBXTargetDependency */ = {
			isa = PBXTargetDependency;
			target = 567EFD672BD080230055E7A6 /* GooglePlacesDemos */;
			targetProxy = 567EFD832BD080250055E7A6 /* PBXContainerItemProxy */;
		};
/* End PBXTargetDependency section */

/* Begin XCBuildConfiguration section */
		567EFD8A2BD080250055E7A6 /* Debug */ = {
			isa = XCBuildConfiguration;
			baseConfigurationReference = 567EFDA92BD0812A0055E7A6 /* GooglePlacesDemos.xcconfig */;
			buildSettings = {
				ALWAYS_SEARCH_USER_PATHS = NO;
				ASSETCATALOG_COMPILER_GENERATE_SWIFT_ASSET_SYMBOL_EXTENSIONS = YES;
				CLANG_ANALYZER_NONNULL = YES;
				CLANG_ANALYZER_NUMBER_OBJECT_CONVERSION = YES_AGGRESSIVE;
				CLANG_CXX_LANGUAGE_STANDARD = "gnu++20";
				CLANG_ENABLE_MODULES = YES;
				CLANG_ENABLE_OBJC_ARC = YES;
				CLANG_ENABLE_OBJC_WEAK = YES;
				CLANG_WARN_BLOCK_CAPTURE_AUTORELEASING = YES;
				CLANG_WARN_BOOL_CONVERSION = YES;
				CLANG_WARN_COMMA = YES;
				CLANG_WARN_CONSTANT_CONVERSION = YES;
				CLANG_WARN_DEPRECATED_OBJC_IMPLEMENTATIONS = YES;
				CLANG_WARN_DIRECT_OBJC_ISA_USAGE = YES_ERROR;
				CLANG_WARN_DOCUMENTATION_COMMENTS = YES;
				CLANG_WARN_EMPTY_BODY = YES;
				CLANG_WARN_ENUM_CONVERSION = YES;
				CLANG_WARN_INFINITE_RECURSION = YES;
				CLANG_WARN_INT_CONVERSION = YES;
				CLANG_WARN_NON_LITERAL_NULL_CONVERSION = YES;
				CLANG_WARN_OBJC_IMPLICIT_RETAIN_SELF = YES;
				CLANG_WARN_OBJC_LITERAL_CONVERSION = YES;
				CLANG_WARN_OBJC_ROOT_CLASS = YES_ERROR;
				CLANG_WARN_QUOTED_INCLUDE_IN_FRAMEWORK_HEADER = YES;
				CLANG_WARN_RANGE_LOOP_ANALYSIS = YES;
				CLANG_WARN_STRICT_PROTOTYPES = YES;
				CLANG_WARN_SUSPICIOUS_MOVE = YES;
				CLANG_WARN_UNGUARDED_AVAILABILITY = YES_AGGRESSIVE;
				CLANG_WARN_UNREACHABLE_CODE = YES;
				CLANG_WARN__DUPLICATE_METHOD_MATCH = YES;
				COPY_PHASE_STRIP = NO;
				DEBUG_INFORMATION_FORMAT = dwarf;
				ENABLE_STRICT_OBJC_MSGSEND = YES;
				ENABLE_TESTABILITY = YES;
				ENABLE_USER_SCRIPT_SANDBOXING = YES;
				GCC_C_LANGUAGE_STANDARD = gnu17;
				GCC_DYNAMIC_NO_PIC = NO;
				GCC_NO_COMMON_BLOCKS = YES;
				GCC_OPTIMIZATION_LEVEL = 0;
				GCC_PREPROCESSOR_DEFINITIONS = (
					"DEBUG=1",
					"$(inherited)",
				);
				GCC_WARN_64_TO_32_BIT_CONVERSION = YES;
				GCC_WARN_ABOUT_RETURN_TYPE = YES_ERROR;
				GCC_WARN_UNDECLARED_SELECTOR = YES;
				GCC_WARN_UNINITIALIZED_AUTOS = YES_AGGRESSIVE;
				GCC_WARN_UNUSED_FUNCTION = YES;
				GCC_WARN_UNUSED_VARIABLE = YES;
				IPHONEOS_DEPLOYMENT_TARGET = 17.4;
				LOCALIZATION_PREFERS_STRING_CATALOGS = YES;
				MTL_ENABLE_DEBUG_INFO = INCLUDE_SOURCE;
				MTL_FAST_MATH = YES;
				ONLY_ACTIVE_ARCH = YES;
				SDKROOT = iphoneos;
				SWIFT_ACTIVE_COMPILATION_CONDITIONS = "DEBUG $(inherited)";
				SWIFT_OPTIMIZATION_LEVEL = "-Onone";
			};
			name = Debug;
		};
		567EFD8D2BD080250055E7A6 /* Debug */ = {
			isa = XCBuildConfiguration;
			buildSettings = {
				ASSETCATALOG_COMPILER_APPICON_NAME = AppIcon;
				ASSETCATALOG_COMPILER_GLOBAL_ACCENT_COLOR_NAME = AccentColor;
				CODE_SIGN_STYLE = Automatic;
				CURRENT_PROJECT_VERSION = 1;
				DEVELOPMENT_ASSET_PATHS = "\"GooglePlacesDemos/Preview Content\"";
				DEVELOPMENT_TEAM = "";
				ENABLE_PREVIEWS = YES;
				GENERATE_INFOPLIST_FILE = YES;
				INFOPLIST_FILE = GooglePlacesDemos/Info.plist;
				INFOPLIST_KEY_UIApplicationSceneManifest_Generation = YES;
				INFOPLIST_KEY_UIApplicationSupportsIndirectInputEvents = YES;
				INFOPLIST_KEY_UILaunchScreen_Generation = YES;
				INFOPLIST_KEY_UISupportedInterfaceOrientations_iPad = "UIInterfaceOrientationPortrait UIInterfaceOrientationPortraitUpsideDown UIInterfaceOrientationLandscapeLeft UIInterfaceOrientationLandscapeRight";
				INFOPLIST_KEY_UISupportedInterfaceOrientations_iPhone = "UIInterfaceOrientationPortrait UIInterfaceOrientationLandscapeLeft UIInterfaceOrientationLandscapeRight";
				IPHONEOS_DEPLOYMENT_TARGET = 16.0;
				LD_RUNPATH_SEARCH_PATHS = (
					"$(inherited)",
					"@executable_path/Frameworks",
				);
				MARKETING_VERSION = 1.0;
				OTHER_LDFLAGS = "-ObjC";
				PRODUCT_BUNDLE_IDENTIFIER = com.example.GooglePlacesDemos;
				PRODUCT_NAME = "$(TARGET_NAME)";
				SWIFT_EMIT_LOC_STRINGS = YES;
				SWIFT_VERSION = 5.0;
				TARGETED_DEVICE_FAMILY = "1,2";
			};
			name = Debug;
		};
		567EFD902BD080250055E7A6 /* Debug */ = {
			isa = XCBuildConfiguration;
			buildSettings = {
				ALWAYS_EMBED_SWIFT_STANDARD_LIBRARIES = YES;
				BUNDLE_LOADER = "$(TEST_HOST)";
				CODE_SIGN_STYLE = Automatic;
				CURRENT_PROJECT_VERSION = 1;
				GENERATE_INFOPLIST_FILE = YES;
				IPHONEOS_DEPLOYMENT_TARGET = 17.4;
				MARKETING_VERSION = 1.0;
				PRODUCT_BUNDLE_IDENTIFIER = com.example.GooglePlacesDemosTests;
				PRODUCT_NAME = "$(TARGET_NAME)";
				SWIFT_EMIT_LOC_STRINGS = NO;
				SWIFT_VERSION = 5.0;
				TARGETED_DEVICE_FAMILY = "1,2";
				TEST_HOST = "$(BUILT_PRODUCTS_DIR)/GooglePlacesDemos.app/$(BUNDLE_EXECUTABLE_FOLDER_PATH)/GooglePlacesDemos";
			};
			name = Debug;
		};
		567EFD932BD080250055E7A6 /* Debug */ = {
			isa = XCBuildConfiguration;
			buildSettings = {
				ALWAYS_EMBED_SWIFT_STANDARD_LIBRARIES = YES;
				CODE_SIGN_STYLE = Automatic;
				CURRENT_PROJECT_VERSION = 1;
				GENERATE_INFOPLIST_FILE = YES;
				MARKETING_VERSION = 1.0;
				PRODUCT_BUNDLE_IDENTIFIER = com.example.GooglePlacesDemosUITests;
				PRODUCT_NAME = "$(TARGET_NAME)";
				SWIFT_EMIT_LOC_STRINGS = NO;
				SWIFT_VERSION = 5.0;
				TARGETED_DEVICE_FAMILY = "1,2";
				TEST_TARGET_NAME = GooglePlacesDemos;
			};
			name = Debug;
		};
/* End XCBuildConfiguration section */

/* Begin XCConfigurationList section */
		567EFD632BD080230055E7A6 /* Build configuration list for PBXProject "GooglePlacesDemos" */ = {
			isa = XCConfigurationList;
			buildConfigurations = (
				567EFD8A2BD080250055E7A6 /* Debug */,
			);
			defaultConfigurationIsVisible = 0;
			defaultConfigurationName = Debug;
		};
		567EFD8C2BD080250055E7A6 /* Build configuration list for PBXNativeTarget "GooglePlacesDemos" */ = {
			isa = XCConfigurationList;
			buildConfigurations = (
				567EFD8D2BD080250055E7A6 /* Debug */,
			);
			defaultConfigurationIsVisible = 0;
			defaultConfigurationName = Debug;
		};
		567EFD8F2BD080250055E7A6 /* Build configuration list for PBXNativeTarget "GooglePlacesDemosTests" */ = {
			isa = XCConfigurationList;
			buildConfigurations = (
				567EFD902BD080250055E7A6 /* Debug */,
			);
			defaultConfigurationIsVisible = 0;
			defaultConfigurationName = Debug;
		};
		567EFD922BD080250055E7A6 /* Build configuration list for PBXNativeTarget "GooglePlacesDemosUITests" */ = {
			isa = XCConfigurationList;
			buildConfigurations = (
				567EFD932BD080250055E7A6 /* Debug */,
			);
			defaultConfigurationIsVisible = 0;
			defaultConfigurationName = Debug;
		};
/* End XCConfigurationList section */

/* Begin XCRemoteSwiftPackageReference section */
		56C060292BFD504200B96354 /* XCRemoteSwiftPackageReference "ios-places-sdk" */ = {
			isa = XCRemoteSwiftPackageReference;
			repositoryURL = "https://github.com/googlemaps/ios-places-sdk";
			requirement = {
				branch = 9.0.0;
				kind = branch;
			};
		};
		56C0602A2BFD504E00B96354 /* XCRemoteSwiftPackageReference "ios-places-swift-sdk" */ = {
			isa = XCRemoteSwiftPackageReference;
			repositoryURL = "https://github.com/googlemaps/ios-places-swift-sdk";
			requirement = {
				branch = 0.1.0;
				kind = branch;
			};
		};
/* End XCRemoteSwiftPackageReference section */

/* Begin XCSwiftPackageProductDependency section */
		56C0602B2BFD507000B96354 /* GooglePlacesSwift */ = {
			isa = XCSwiftPackageProductDependency;
			package = 56C0602A2BFD504E00B96354 /* XCRemoteSwiftPackageReference "ios-places-swift-sdk" */;
			productName = GooglePlacesSwift;
		};
/* End XCSwiftPackageProductDependency section */
	};
	rootObject = 567EFD602BD080230055E7A6 /* Project object */;
}
